# This file is automatically @generated by Cargo.
# It is not intended for manual editing.
version = 3

[[package]]
name = "bitflags"
version = "0.3.3"
source = "registry+https://github.com/rust-lang/crates.io-index"
checksum = "32866f4d103c4e438b1db1158aa1b1a80ee078e5d77a59a2f906fd62a577389c"

[[package]]
name = "byteorder"
version = "0.4.2"
source = "registry+https://github.com/rust-lang/crates.io-index"
checksum = "96c8b41881888cc08af32d47ac4edd52bc7fa27fef774be47a92443756451304"

[[package]]
name = "bytes"
version = "0.3.0"
source = "registry+https://github.com/rust-lang/crates.io-index"
checksum = "c129aff112dcc562970abb69e2508b40850dd24c274761bb50fb8a0067ba6c27"

[[package]]
name = "cfg-if"
version = "0.1.0"
source = "registry+https://github.com/rust-lang/crates.io-index"
checksum = "de1e760d7b6535af4241fca8bd8adf68e2e7edacc6b29f5d399050c5e48cf88c"

[[package]]
name = "gcc"
version = "0.3.24"
source = "registry+https://github.com/rust-lang/crates.io-index"
checksum = "fe63973b8ab2a04612370bb02df84a61510f575144032fa7b6952bf4b6f9ab4c"

[[package]]
name = "http-muncher"
version = "0.2.3"
source = "registry+https://github.com/rust-lang/crates.io-index"
checksum = "999514617a5f6e617448c5f1183748a572479bda2fcf539ac43ecd8eb3dee4bd"
dependencies = [
 "gcc",
 "libc",
]

[[package]]
name = "kernel32-sys"
version = "0.2.1"
source = "registry+https://github.com/rust-lang/crates.io-index"
checksum = "b5b5e7edf375e6d26243bde172f1d5ed1446f4a766fc9b7006e1fd27258243f1"
dependencies = [
 "winapi 0.2.5",
 "winapi-build",
]

[[package]]
name = "libc"
version = "0.2.138"
source = "registry+https://github.com/rust-lang/crates.io-index"
checksum = "db6d7e329c562c5dfab7a46a2afabc8b987ab9a4834c9d1ca04dc54c1546cef8"

[[package]]
name = "log"
version = "0.3.5"
source = "registry+https://github.com/rust-lang/crates.io-index"
checksum = "038b5d13189a14e5b6ac384fdb7c691a45ef0885f6d2dddbf422e6c3506b8234"
dependencies = [
 "libc",
]

[[package]]
name = "mio"
version = "0.5.0"
source = "git+https://github.com/carllerche/mio#abd5dd356d9aa7670285f10baf237a27103155dd"
dependencies = [
 "bytes",
 "libc",
 "log",
 "miow",
 "net2",
 "nix",
 "slab",
 "time",
 "winapi 0.2.5",
]

[[package]]
name = "miow"
version = "0.1.2"
source = "registry+https://github.com/rust-lang/crates.io-index"
checksum = "4e93d633d34b8ff65a24566d67d49703e7a5c7ac2844d6139a9fc441a799e89a"
dependencies = [
 "kernel32-sys",
 "net2",
 "winapi 0.2.5",
 "ws2_32-sys",
]

[[package]]
name = "net2"
version = "0.2.38"
source = "registry+https://github.com/rust-lang/crates.io-index"
checksum = "74d0df99cfcd2530b2e694f6e17e7f37b8e26bb23983ac530c0c97408837c631"
dependencies = [
 "cfg-if",
 "libc",
 "winapi 0.3.9",
]

[[package]]
name = "nix"
version = "0.5.0-pre"
source = "git+https://github.com/carllerche/nix-rust?rev=c4257f8a76#c4257f8a76b69b0d2e9a001d83e4bef67c03b23f"
dependencies = [
 "bitflags",
 "libc",
]

[[package]]
name = "rust-chat"
version = "0.1.0"
dependencies = [
 "http-muncher",
 "mio",
 "rustc-serialize",
 "sha1",
]

[[package]]
name = "rustc-serialize"
version = "0.3.18"
source = "registry+https://github.com/rust-lang/crates.io-index"
checksum = "9cf81518cd579f8a9c58c0a71328bdb9be15c754181261da82583092dc8a7ff0"

[[package]]
name = "sha1"
version = "0.1.1"
source = "registry+https://github.com/rust-lang/crates.io-index"
checksum = "a307a40d5834140e4213a6952483b84e9ad53bdcab918b7335a6e305e505a53c"
dependencies = [
 "byteorder",
]

[[package]]
name = "slab"
version = "0.1.3"
source = "registry+https://github.com/rust-lang/crates.io-index"
checksum = "d807fd58c4181bbabed77cb3b891ba9748241a552bcc5be698faaebefc54f46e"

[[package]]
name = "time"
version = "0.1.34"
source = "registry+https://github.com/rust-lang/crates.io-index"
checksum = "8c4aeaa1c95974f5763c3a5ac0db95a19793589bcea5d22e161b5587e3aad029"
dependencies = [
 "kernel32-sys",
 "libc",
 "winapi 0.2.5",
]

[[package]]
name = "winapi"
version = "0.2.5"
source = "registry+https://github.com/rust-lang/crates.io-index"
checksum = "dc3583688b861fcd83c2823d37cf2cd2446c233dd7ba3f97884d1a7302817537"

[[package]]
name = "winapi"
version = "0.3.9"
source = "registry+https://github.com/rust-lang/crates.io-index"
checksum = "5c839a674fcd7a98952e593242ea400abe93992746761e38641405d28b00f419"
dependencies = [
 "winapi-i686-pc-windows-gnu",
 "winapi-x86_64-pc-windows-gnu",
]

[[package]]
name = "winapi-build"
version = "0.1.1"
source = "registry+https://github.com/rust-lang/crates.io-index"
checksum = "2d315eee3b34aca4797b2da6b13ed88266e6d612562a0c46390af8299fc699bc"

[[package]]
name = "winapi-i686-pc-windows-gnu"
version = "0.4.0"
source = "registry+https://github.com/rust-lang/crates.io-index"
checksum = "ac3b87c63620426dd9b991e5ce0329eff545bccbbb34f3be09ff6fb6ab51b7b6"

[[package]]
name = "winapi-x86_64-pc-windows-gnu"
version = "0.4.0"
source = "registry+https://github.com/rust-lang/crates.io-index"
checksum = "712e227841d057c1ee1cd2fb22fa7e5a5461ae8e48fa2ca79ec42cfc1931183f"

[[package]]
name = "ws2_32-sys"
version = "0.2.1"
source = "registry+https://github.com/rust-lang/crates.io-index"
checksum = "d59cefebd0c892fa2dd6de581e937301d8552cb44489cdff035c6187cb63fa5e"
dependencies = [
 "winapi 0.2.5",
 "winapi-build",
]
